
Microsoft Visual Studio Solution File, Format Version 12.00
# Visual Studio Version 17
VisualStudioVersion = 17.6.33801.468
MinimumVisualStudioVersion = 10.0.40219.1
Project("{FAE04EC0-301F-11D3-BF4B-00C04F79EFBC}") = "Collection_Demo", "Collection_Demo.csproj", "{8B70951D-67E4-44AB-974C-7EF7CDD9223C}"
EndProject
Global
	GlobalSection(SolutionConfigurationPlatforms) = preSolution
		Debug|Any CPU = Debug|Any CPU
		Release|Any CPU = Release|Any CPU
	EndGlobalSection
	GlobalSection(ProjectConfigurationPlatforms) = postSolution
		{8B70951D-67E4-44AB-974C-7EF7CDD9223C}.Debug|Any CPU.ActiveCfg = Debug|Any CPU
		{8B70951D-67E4-44AB-974C-7EF7CDD9223C}.Debug|Any CPU.Build.0 = Debug|Any CPU
		{8B70951D-67E4-44AB-974C-7EF7CDD9223C}.Release|Any CPU.ActiveCfg = Release|Any CPU
		{8B70951D-67E4-44AB-974C-7EF7CDD9223C}.Release|Any CPU.Build.0 = Release|Any CPU
	EndGlobalSection
	GlobalSection(SolutionProperties) = preSolution
		HideSolutionNode = FALSE
	EndGlobalSection
	GlobalSection(ExtensibilityGlobals) = postSolution
		SolutionGuid = {BC09BBBF-D754-4FFE-91E7-53428C82FC46}
	EndGlobalSection
EndGlobal
